
Microsoft Visual Studio Solution File, Format Version 12.00
# Visual Studio Version 17
VisualStudioVersion = 17.11.35327.3
MinimumVisualStudioVersion = 10.0.40219.1
Project("{FAE04EC0-301F-11D3-BF4B-00C04F79EFBC}") = "MauiApp4", "MauiApp4\MauiApp4.csproj", "{4DC17DF9-4B44-4BC4-A293-A1369FD93547}"
EndProject
Global
	GlobalSection(SolutionConfigurationPlatforms) = preSolution
		Debug|Any CPU = Debug|Any CPU
		Release|Any CPU = Release|Any CPU
	EndGlobalSection
	GlobalSection(ProjectConfigurationPlatforms) = postSolution
		{4DC17DF9-4B44-4BC4-A293-A1369FD93547}.Debug|Any CPU.ActiveCfg = Debug|Any CPU
		{4DC17DF9-4B44-4BC4-A293-A1369FD93547}.Debug|Any CPU.Build.0 = Debug|Any CPU
		{4DC17DF9-4B44-4BC4-A293-A1369FD93547}.Debug|Any CPU.Deploy.0 = Debug|Any CPU
		{4DC17DF9-4B44-4BC4-A293-A1369FD93547}.Release|Any CPU.ActiveCfg = Release|Any CPU
		{4DC17DF9-4B44-4BC4-A293-A1369FD93547}.Release|Any CPU.Build.0 = Release|Any CPU
		{4DC17DF9-4B44-4BC4-A293-A1369FD93547}.Release|Any CPU.Deploy.0 = Release|Any CPU
	EndGlobalSection
	GlobalSection(SolutionProperties) = preSolution
		HideSolutionNode = FALSE
	EndGlobalSection
	GlobalSection(ExtensibilityGlobals) = postSolution
		SolutionGuid = {62D2AF51-C8B0-4D88-B7FE-4528AC05401D}
	EndGlobalSection
EndGlobal
